# This file is automatically @generated by Cargo.
# It is not intended for manual editing.
version = 3

[[package]]
name = "datafrog"
version = "2.0.1"
source = "registry+https://github.com/rust-lang/crates.io-index"
checksum = "a0afaad2b26fa326569eb264b1363e8ae3357618c43982b3f285f0774ce76b69"

[[package]]
name = "ffi-polonius"
version = "0.1.0"
dependencies = [
 "polonius-engine",
]

[[package]]
name = "log"
version = "0.4.22"
source = "registry+https://github.com/rust-lang/crates.io-index"
checksum = "a7a70ba024b9dc04c27ea2f0c0548feb474ec5c54bba33a7f72f873a39d07b24"

[[package]]
name = "polonius-engine"
version = "0.13.0"
source = "registry+https://github.com/rust-lang/crates.io-index"
checksum = "c4e8e505342045d397d0b6674dcb82d6faf5cf40484d30eeb88fc82ef14e903f"
dependencies = [
 "datafrog",
 "log",
 "rustc-hash",
]

[[package]]
name = "rustc-hash"
version = "1.1.0"
source = "registry+https://github.com/rust-lang/crates.io-index"
checksum = "08d43f7aa6b08d49f382cde6a7982047c3426db949b1424bc4b7ec9ae12c6ce2"
